# @generated - this file is auto-generated by `mise lock` https://mise.en.dev/dev-tools/mise-lock.html

[[tools.bun]]
version = "1.3.14"
backend = "core:bun"

[tools.bun."platforms.linux-arm64"]
checksum = "sha256:a27ffb63a8310375836e0d6f668ae17fa8d8d18b88c37c821c65331973a19a3b"
url = "https://github.com/oven-sh/bun/releases/download/bun-v1.3.14/bun-linux-aarch64.zip"

[tools.bun."platforms.linux-arm64-musl"]
checksum = "sha256:b98e0ad3625c5c00d1d5b5ff55605c7adddbfae151861e68ade57b2d3b8703bb"
url = "https://github.com/oven-sh/bun/releases/download/bun-v1.3.14/bun-linux-aarch64-musl.zip"

[tools.bun."platforms.linux-x64"]
checksum = "sha256:951ee2aee855f08595aeec6225226a298d3fea83a3dcd6465c09cbccdf7e848f"
url = "https://github.com/oven-sh/bun/releases/download/bun-v1.3.14/bun-linux-x64.zip"

[tools.bun."platforms.linux-x64-baseline"]
checksum = "sha256:a063908ae08b7852ca10939bbdc6ceed3ddabce8fb9402dce83d65d73b36e6c7"
url = "https://github.com/oven-sh/bun/releases/download/bun-v1.3.14/bun-linux-x64-baseline.zip"

[tools.bun."platforms.linux-x64-musl"]
checksum = "sha256:14bd9aedeebf1dba67e8def9531c89bc989ecfdf1de42e5bfcaf1b8cd9294719"
url = "https://github.com/oven-sh/bun/releases/download/bun-v1.3.14/bun-linux-x64-musl.zip"

[tools.bun."platforms.linux-x64-musl-baseline"]
checksum = "sha256:56a7d6806cf155536c0178f0ea5fbd098e684fa509ebdb4fc0a7e19fb65382dc"
url = "https://github.com/oven-sh/bun/releases/download/bun-v1.3.14/bun-linux-x64-musl-baseline.zip"

[tools.bun."platforms.macos-arm64"]
checksum = "sha256:d8b96221828ad6f97ac7ac0ab7e95872341af763001e8803e8267652c2652620"
url = "https://github.com/oven-sh/bun/releases/download/bun-v1.3.14/bun-darwin-aarch64.zip"

[tools.bun."platforms.macos-x64"]
checksum = "sha256:4183df3374623e5bab315c547cfa0974533cd457d86b73b639f7a87974cd6633"
url = "https://github.com/oven-sh/bun/releases/download/bun-v1.3.14/bun-darwin-x64.zip"

[tools.bun."platforms.macos-x64-baseline"]
checksum = "sha256:3e35ad6f53971a9834bf9e6786e2adf72b5f1921cc9a9c5fde073d2972944076"
url = "https://github.com/oven-sh/bun/releases/download/bun-v1.3.14/bun-darwin-x64-baseline.zip"

[tools.bun."platforms.windows-x64"]
checksum = "sha256:0a0620930b6675d7ba440e81f4e0e00d3cfbe096c4b140d3fff02205e9e18922"
url = "https://github.com/oven-sh/bun/releases/download/bun-v1.3.14/bun-windows-x64.zip"

[tools.bun."platforms.windows-x64-baseline"]
checksum = "sha256:538f9c846355d9e847b2671bc00c47da4229a0befb24df3282b739770f3b475f"
url = "https://github.com/oven-sh/bun/releases/download/bun-v1.3.14/bun-windows-x64-baseline.zip"

[[tools."github:gastownhall/beads"]]
version = "1.2.2"
backend = "github:gastownhall/beads"

[tools."github:gastownhall/beads"."platforms.linux-arm64"]
checksum = "sha256:501f38a1070d4b9b3b6261a86a3c92c4a52366869021560430a4bb0036afd83a"
url = "https://github.com/gastownhall/beads/releases/download/v1.2.2/beads_1.2.2_linux_arm64.tar.gz"
url_api = "https://api.github.com/repos/gastownhall/beads/releases/assets/515294077"
provenance = "github-attestations"

[tools."github:gastownhall/beads"."platforms.linux-arm64-musl"]
checksum = "sha256:501f38a1070d4b9b3b6261a86a3c92c4a52366869021560430a4bb0036afd83a"
url = "https://github.com/gastownhall/beads/releases/download/v1.2.2/beads_1.2.2_linux_arm64.tar.gz"
url_api = "https://api.github.com/repos/gastownhall/beads/releases/assets/515294077"
provenance = "github-attestations"

[tools."github:gastownhall/beads"."platforms.linux-x64"]
checksum = "sha256:8140098a51d3b81d5548d1c5e6db1a2d9930e5d141efe2a4bff7d079c4d321e8"
url = "https://github.com/gastownhall/beads/releases/download/v1.2.2/beads_1.2.2_linux_amd64.tar.gz"
url_api = "https://api.github.com/repos/gastownhall/beads/releases/assets/515294021"
provenance = "github-attestations"
provenance_verified = true

[tools."github:gastownhall/beads"."platforms.linux-x64-baseline"]
checksum = "sha256:8140098a51d3b81d5548d1c5e6db1a2d9930e5d141efe2a4bff7d079c4d321e8"
url = "https://github.com/gastownhall/beads/releases/download/v1.2.2/beads_1.2.2_linux_amd64.tar.gz"
url_api = "https://api.github.com/repos/gastownhall/beads/releases/assets/515294021"
provenance = "github-attestations"

[tools."github:gastownhall/beads"."platforms.linux-x64-musl"]
checksum = "sha256:8140098a51d3b81d5548d1c5e6db1a2d9930e5d141efe2a4bff7d079c4d321e8"
url = "https://github.com/gastownhall/beads/releases/download/v1.2.2/beads_1.2.2_linux_amd64.tar.gz"
url_api = "https://api.github.com/repos/gastownhall/beads/releases/assets/515294021"
provenance = "github-attestations"

[tools."github:gastownhall/beads"."platforms.linux-x64-musl-baseline"]
checksum = "sha256:8140098a51d3b81d5548d1c5e6db1a2d9930e5d141efe2a4bff7d079c4d321e8"
url = "https://github.com/gastownhall/beads/releases/download/v1.2.2/beads_1.2.2_linux_amd64.tar.gz"
url_api = "https://api.github.com/repos/gastownhall/beads/releases/assets/515294021"
provenance = "github-attestations"

[tools."github:gastownhall/beads"."platforms.macos-arm64"]
checksum = "sha256:2aa1245c666419900d2d6993a05049e92c40e0e601d19579cca5b07a7bb8021d"
url = "https://github.com/gastownhall/beads/releases/download/v1.2.2/beads_1.2.2_darwin_arm64.tar.gz"
url_api = "https://api.github.com/repos/gastownhall/beads/releases/assets/515302581"
provenance = "github-attestations"

[tools."github:gastownhall/beads"."platforms.macos-x64"]
checksum = "sha256:e192dcb60f0f48d9463cd3bcf425d41fc0a632080cf9a06153c97ce12368c4bb"
url = "https://github.com/gastownhall/beads/releases/download/v1.2.2/beads_1.2.2_darwin_amd64.tar.gz"
url_api = "https://api.github.com/repos/gastownhall/beads/releases/assets/515302725"
provenance = "github-attestations"

[tools."github:gastownhall/beads"."platforms.macos-x64-baseline"]
checksum = "sha256:e192dcb60f0f48d9463cd3bcf425d41fc0a632080cf9a06153c97ce12368c4bb"
url = "https://github.com/gastownhall/beads/releases/download/v1.2.2/beads_1.2.2_darwin_amd64.tar.gz"
url_api = "https://api.github.com/repos/gastownhall/beads/releases/assets/515302725"
provenance = "github-attestations"

[tools."github:gastownhall/beads"."platforms.windows-x64"]
checksum = "sha256:1f00c29cd9599e182a4a4e829f5210daca2da14155920aee2836d8bc613b2feb"
url = "https://github.com/gastownhall/beads/releases/download/v1.2.2/beads_1.2.2_windows_amd64.zip"
url_api = "https://api.github.com/repos/gastownhall/beads/releases/assets/515294217"
provenance = "github-attestations"

[tools."github:gastownhall/beads"."platforms.windows-x64-baseline"]
checksum = "sha256:1f00c29cd9599e182a4a4e829f5210daca2da14155920aee2836d8bc613b2feb"
url = "https://github.com/gastownhall/beads/releases/download/v1.2.2/beads_1.2.2_windows_amd64.zip"
url_api = "https://api.github.com/repos/gastownhall/beads/releases/assets/515294217"
provenance = "github-attestations"
