# @generated - this file is auto-generated by `mise lock` https://mise.en.dev/dev-tools/mise-lock.html

[[tools.bun]]
version = "1.3.14"
backend = "core:bun"

[tools.bun."platforms.linux-arm64"]
checksum = "sha256:a27ffb63a8310375836e0d6f668ae17fa8d8d18b88c37c821c65331973a19a3b"
url = "https://github.com/oven-sh/bun/releases/download/bun-v1.3.14/bun-linux-aarch64.zip"

[tools.bun."platforms.linux-arm64-musl"]
checksum = "sha256:b98e0ad3625c5c00d1d5b5ff55605c7adddbfae151861e68ade57b2d3b8703bb"
url = "https://github.com/oven-sh/bun/releases/download/bun-v1.3.14/bun-linux-aarch64-musl.zip"

[tools.bun."platforms.linux-x64"]
checksum = "sha256:951ee2aee855f08595aeec6225226a298d3fea83a3dcd6465c09cbccdf7e848f"
url = "https://github.com/oven-sh/bun/releases/download/bun-v1.3.14/bun-linux-x64.zip"

[tools.bun."platforms.linux-x64-baseline"]
checksum = "sha256:a063908ae08b7852ca10939bbdc6ceed3ddabce8fb9402dce83d65d73b36e6c7"
url = "https://github.com/oven-sh/bun/releases/download/bun-v1.3.14/bun-linux-x64-baseline.zip"

[tools.bun."platforms.linux-x64-musl"]
checksum = "sha256:14bd9aedeebf1dba67e8def9531c89bc989ecfdf1de42e5bfcaf1b8cd9294719"
url = "https://github.com/oven-sh/bun/releases/download/bun-v1.3.14/bun-linux-x64-musl.zip"

[tools.bun."platforms.linux-x64-musl-baseline"]
checksum = "sha256:56a7d6806cf155536c0178f0ea5fbd098e684fa509ebdb4fc0a7e19fb65382dc"
url = "https://github.com/oven-sh/bun/releases/download/bun-v1.3.14/bun-linux-x64-musl-baseline.zip"

[tools.bun."platforms.macos-arm64"]
checksum = "sha256:d8b96221828ad6f97ac7ac0ab7e95872341af763001e8803e8267652c2652620"
url = "https://github.com/oven-sh/bun/releases/download/bun-v1.3.14/bun-darwin-aarch64.zip"

[tools.bun."platforms.macos-x64"]
checksum = "sha256:4183df3374623e5bab315c547cfa0974533cd457d86b73b639f7a87974cd6633"
url = "https://github.com/oven-sh/bun/releases/download/bun-v1.3.14/bun-darwin-x64.zip"

[tools.bun."platforms.macos-x64-baseline"]
checksum = "sha256:3e35ad6f53971a9834bf9e6786e2adf72b5f1921cc9a9c5fde073d2972944076"
url = "https://github.com/oven-sh/bun/releases/download/bun-v1.3.14/bun-darwin-x64-baseline.zip"

[tools.bun."platforms.windows-x64"]
checksum = "sha256:0a0620930b6675d7ba440e81f4e0e00d3cfbe096c4b140d3fff02205e9e18922"
url = "https://github.com/oven-sh/bun/releases/download/bun-v1.3.14/bun-windows-x64.zip"

[tools.bun."platforms.windows-x64-baseline"]
checksum = "sha256:538f9c846355d9e847b2671bc00c47da4229a0befb24df3282b739770f3b475f"
url = "https://github.com/oven-sh/bun/releases/download/bun-v1.3.14/bun-windows-x64-baseline.zip"

[[tools."github:gastownhall/beads"]]
version = "1.1.0"
backend = "github:gastownhall/beads"

[tools."github:gastownhall/beads"."platforms.linux-arm64"]
checksum = "sha256:e64eb6f5f998c9eae3ef9ec786f5f1c907ab3ed04fe220ebf265ca9952e21b2f"
url = "https://github.com/gastownhall/beads/releases/download/v1.1.0/beads_1.1.0_linux_arm64.tar.gz"
url_api = "https://api.github.com/repos/gastownhall/beads/releases/assets/466110939"
provenance = "github-attestations"

[tools."github:gastownhall/beads"."platforms.linux-arm64-musl"]
checksum = "sha256:e64eb6f5f998c9eae3ef9ec786f5f1c907ab3ed04fe220ebf265ca9952e21b2f"
url = "https://github.com/gastownhall/beads/releases/download/v1.1.0/beads_1.1.0_linux_arm64.tar.gz"
url_api = "https://api.github.com/repos/gastownhall/beads/releases/assets/466110939"
provenance = "github-attestations"

[tools."github:gastownhall/beads"."platforms.linux-x64"]
checksum = "sha256:b0f3dd607c3fb989ee08d0a6854fba80d0402971eb108f9af6170bc14d491a34"
url = "https://github.com/gastownhall/beads/releases/download/v1.1.0/beads_1.1.0_linux_amd64.tar.gz"
url_api = "https://api.github.com/repos/gastownhall/beads/releases/assets/466110983"
provenance = "github-attestations"

[tools."github:gastownhall/beads"."platforms.linux-x64-baseline"]
checksum = "sha256:b0f3dd607c3fb989ee08d0a6854fba80d0402971eb108f9af6170bc14d491a34"
url = "https://github.com/gastownhall/beads/releases/download/v1.1.0/beads_1.1.0_linux_amd64.tar.gz"
url_api = "https://api.github.com/repos/gastownhall/beads/releases/assets/466110983"
provenance = "github-attestations"

[tools."github:gastownhall/beads"."platforms.linux-x64-musl"]
checksum = "sha256:b0f3dd607c3fb989ee08d0a6854fba80d0402971eb108f9af6170bc14d491a34"
url = "https://github.com/gastownhall/beads/releases/download/v1.1.0/beads_1.1.0_linux_amd64.tar.gz"
url_api = "https://api.github.com/repos/gastownhall/beads/releases/assets/466110983"
provenance = "github-attestations"

[tools."github:gastownhall/beads"."platforms.linux-x64-musl-baseline"]
checksum = "sha256:b0f3dd607c3fb989ee08d0a6854fba80d0402971eb108f9af6170bc14d491a34"
url = "https://github.com/gastownhall/beads/releases/download/v1.1.0/beads_1.1.0_linux_amd64.tar.gz"
url_api = "https://api.github.com/repos/gastownhall/beads/releases/assets/466110983"
provenance = "github-attestations"

[tools."github:gastownhall/beads"."platforms.macos-arm64"]
checksum = "sha256:c42e24d83b258f7ba9f52a6d2d5f6b055869dfe7807165055988b12e7ea8c564"
url = "https://github.com/gastownhall/beads/releases/download/v1.1.0/beads_1.1.0_darwin_arm64.tar.gz"
url_api = "https://api.github.com/repos/gastownhall/beads/releases/assets/466113119"
provenance = "github-attestations"

[tools."github:gastownhall/beads"."platforms.macos-x64"]
checksum = "sha256:5d7d30fdadcf012b7e0c1933a62cdfaef106e2561509b904e50a6733621cf8da"
url = "https://github.com/gastownhall/beads/releases/download/v1.1.0/beads_1.1.0_darwin_amd64.tar.gz"
url_api = "https://api.github.com/repos/gastownhall/beads/releases/assets/466113178"
provenance = "github-attestations"

[tools."github:gastownhall/beads"."platforms.macos-x64-baseline"]
checksum = "sha256:5d7d30fdadcf012b7e0c1933a62cdfaef106e2561509b904e50a6733621cf8da"
url = "https://github.com/gastownhall/beads/releases/download/v1.1.0/beads_1.1.0_darwin_amd64.tar.gz"
url_api = "https://api.github.com/repos/gastownhall/beads/releases/assets/466113178"
provenance = "github-attestations"

[tools."github:gastownhall/beads"."platforms.windows-x64"]
checksum = "sha256:12b1d37344d3b1543301e21a2b9ed3ab6ae009f0418441f3de5f762b40769a6b"
url = "https://github.com/gastownhall/beads/releases/download/v1.1.0/beads_1.1.0_windows_amd64.zip"
url_api = "https://api.github.com/repos/gastownhall/beads/releases/assets/466110961"
provenance = "github-attestations"

[tools."github:gastownhall/beads"."platforms.windows-x64-baseline"]
checksum = "sha256:12b1d37344d3b1543301e21a2b9ed3ab6ae009f0418441f3de5f762b40769a6b"
url = "https://github.com/gastownhall/beads/releases/download/v1.1.0/beads_1.1.0_windows_amd64.zip"
url_api = "https://api.github.com/repos/gastownhall/beads/releases/assets/466110961"
provenance = "github-attestations"
